
Microsoft Visual Studio Solution File, Format Version 12.00
# Visual Studio 15
VisualStudioVersion = 15.0.28307.1169
MinimumVisualStudioVersion = 10.0.40219.1
Project("{FAE04EC0-301F-11D3-BF4B-00C04F79EFBC}") = "project 3", "project 3\project 3.csproj", "{0F905EDB-8719-460F-937C-3B637B253548}"
EndProject
Global
	GlobalSection(SolutionConfigurationPlatforms) = preSolution
		Debug|Any CPU = Debug|Any CPU
		Release|Any CPU = Release|Any CPU
	EndGlobalSection
	GlobalSection(ProjectConfigurationPlatforms) = postSolution
		{0F905EDB-8719-460F-937C-3B637B253548}.Debug|Any CPU.ActiveCfg = Debug|Any CPU
		{0F905EDB-8719-460F-937C-3B637B253548}.Debug|Any CPU.Build.0 = Debug|Any CPU
		{0F905EDB-8719-460F-937C-3B637B253548}.Release|Any CPU.ActiveCfg = Release|Any CPU
		{0F905EDB-8719-460F-937C-3B637B253548}.Release|Any CPU.Build.0 = Release|Any CPU
	EndGlobalSection
	GlobalSection(SolutionProperties) = preSolution
		HideSolutionNode = FALSE
	EndGlobalSection
	GlobalSection(ExtensibilityGlobals) = postSolution
		SolutionGuid = {AFACE7B6-32EB-49B0-BA85-A9C27CD74EFF}
	EndGlobalSection
EndGlobal
